
Microsoft Visual Studio Solution File, Format Version 12.00
#
Project("{2150E333-8FDC-42A3-9474-1A3956D46DE8}") = "src", "src", "{7F50DE02-D1D9-48CF-B810-2F036D022B34}"
EndProject
Project("{FAE04EC0-301F-11D3-BF4B-00C04F79EFBC}") = "SvgToXamlConverter", "src\SvgToXamlConverter\SvgToXamlConverter.csproj", "{3066AB6A-F627-491B-A187-AE1DAB5C73C5}"
EndProject
Project("{FAE04EC0-301F-11D3-BF4B-00C04F79EFBC}") = "SvgToXaml.Base", "src\SvgToXaml.Base\SvgToXaml.Base.csproj", "{FF9A2CC2-C733-421E-8F6D-39442041C86B}"
EndProject
Project("{FAE04EC0-301F-11D3-BF4B-00C04F79EFBC}") = "svgxaml", "src\svgxaml\svgxaml.csproj", "{3C542F9C-446C-4B77-A4B6-FD0D74DCC9E7}"
EndProject
Project("{2150E333-8FDC-42A3-9474-1A3956D46DE8}") = "build", "build", "{3DA1182D-FE58-4135-83B6-12612E71F8E9}"
ProjectSection(SolutionItems) = preProject
	.editorconfig = .editorconfig
	build.ps1 = build.ps1
	build.sh = build.sh
	global.json = global.json
	build\SvgToXaml.public.snk = build\SvgToXaml.public.snk
	azure-pipelines.yml = azure-pipelines.yml
EndProjectSection
EndProject
Project("{2150E333-8FDC-42A3-9474-1A3956D46DE8}") = "docs", "docs", "{038CD179-37B9-4AD8-B94E-D077723F45D7}"
ProjectSection(SolutionItems) = preProject
	LICENSE = LICENSE
	README.md = README.md
EndProjectSection
EndProject
Project("{2150E333-8FDC-42A3-9474-1A3956D46DE8}") = "tests", "tests", "{0A02A9B3-8AF1-4AAD-93B8-2E18438C9A3F}"
EndProject
Project("{FAE04EC0-301F-11D3-BF4B-00C04F79EFBC}") = "SvgToXamlConverter.UnitTests", "tests\SvgToXamlConverter.UnitTests\SvgToXamlConverter.UnitTests.csproj", "{A9A6981E-12E8-4553-AA63-0EF5F1E1B575}"
EndProject
Project("{2150E333-8FDC-42A3-9474-1A3956D46DE8}") = "git", "git", "{AEF545DD-DD4E-454A-91E6-A1D82B6382F6}"
ProjectSection(SolutionItems) = preProject
	.gitattributes = .gitattributes
	.gitignore = .gitignore
EndProjectSection
EndProject
Project("{2150E333-8FDC-42A3-9474-1A3956D46DE8}") = "nuget", "nuget", "{5B9F5688-208D-449D-A2D3-021834123C78}"
ProjectSection(SolutionItems) = preProject
	nuget.config = nuget.config
EndProjectSection
EndProject
Project("{2150E333-8FDC-42A3-9474-1A3956D46DE8}") = "props", "props", "{D4B713E6-64FD-411D-93FD-462D35E4A3A1}"
ProjectSection(SolutionItems) = preProject
	build\Avalonia.Desktop.props = build\Avalonia.Desktop.props
	build\Avalonia.Diagnostics.props = build\Avalonia.Diagnostics.props
	build\Avalonia.props = build\Avalonia.props
	build\Avalonia.Skia.props = build\Avalonia.Skia.props
	build\Base.props = build\Base.props
	build\ReferenceAssemblies.props = build\ReferenceAssemblies.props
	build\SignAssembly.props = build\SignAssembly.props
	build\SkiaSharp.Linux.props = build\SkiaSharp.Linux.props
	build\SkiaSharp.props = build\SkiaSharp.props
	build\SourceLink.props = build\SourceLink.props
	build\System.CommandLine.props = build\System.CommandLine.props
	build\XUnit.props = build\XUnit.props
	build\Avalonia.Controls.Skia.props = build\Avalonia.Controls.Skia.props
	build\Avalonia.Markup.Xaml.Loader.props = build\Avalonia.Markup.Xaml.Loader.props
	build\Avalonia.Xaml.Behaviors.props = build\Avalonia.Xaml.Behaviors.props
	build\Svg.Skia.props = build\Svg.Skia.props
	build\System.Text.Json.props = build\System.Text.Json.props
	build\Avalonia.Web.Blazor.props = build\Avalonia.Web.Blazor.props
	build\Avalonia.Themes.Fluent.props = build\Avalonia.Themes.Fluent.props
	build\CommunityToolkit.Mvvm.props = build\CommunityToolkit.Mvvm.props
	build\ReactiveMarbles.PropertyChanged.props = build\ReactiveMarbles.PropertyChanged.props
	build\Avalonia.ThemeManager.props = build\Avalonia.ThemeManager.props
EndProjectSection
EndProject
Project("{FAE04EC0-301F-11D3-BF4B-00C04F79EFBC}") = "_build", "build\build\_build.csproj", "{E9A88CB0-B853-44C3-8A7E-F67DAD2A7F9B}"
EndProject
Project("{FAE04EC0-301F-11D3-BF4B-00C04F79EFBC}") = "SvgToXaml.Desktop", "src\SvgToXaml.Desktop\SvgToXaml.Desktop.csproj", "{F5405E7E-2C76-406F-B81D-159CC9F712A4}"
EndProject
Project("{FAE04EC0-301F-11D3-BF4B-00C04F79EFBC}") = "SvgToXaml.Web", "src\SvgToXaml.Web\SvgToXaml.Web.csproj", "{26D44BDD-F30E-42C5-AF90-B93BD53C67AC}"
EndProject
Global
	GlobalSection(SolutionConfigurationPlatforms) = preSolution
		Debug|Any CPU = Debug|Any CPU
		Release|Any CPU = Release|Any CPU
	EndGlobalSection
	GlobalSection(ProjectConfigurationPlatforms) = postSolution
		{3066AB6A-F627-491B-A187-AE1DAB5C73C5}.Debug|Any CPU.ActiveCfg = Debug|Any CPU
		{3066AB6A-F627-491B-A187-AE1DAB5C73C5}.Debug|Any CPU.Build.0 = Debug|Any CPU
		{3066AB6A-F627-491B-A187-AE1DAB5C73C5}.Release|Any CPU.ActiveCfg = Release|Any CPU
		{3066AB6A-F627-491B-A187-AE1DAB5C73C5}.Release|Any CPU.Build.0 = Release|Any CPU
		{FF9A2CC2-C733-421E-8F6D-39442041C86B}.Debug|Any CPU.ActiveCfg = Debug|Any CPU
		{FF9A2CC2-C733-421E-8F6D-39442041C86B}.Debug|Any CPU.Build.0 = Debug|Any CPU
		{FF9A2CC2-C733-421E-8F6D-39442041C86B}.Release|Any CPU.ActiveCfg = Release|Any CPU
		{FF9A2CC2-C733-421E-8F6D-39442041C86B}.Release|Any CPU.Build.0 = Release|Any CPU
		{3C542F9C-446C-4B77-A4B6-FD0D74DCC9E7}.Debug|Any CPU.ActiveCfg = Debug|Any CPU
		{3C542F9C-446C-4B77-A4B6-FD0D74DCC9E7}.Debug|Any CPU.Build.0 = Debug|Any CPU
		{3C542F9C-446C-4B77-A4B6-FD0D74DCC9E7}.Release|Any CPU.ActiveCfg = Release|Any CPU
		{3C542F9C-446C-4B77-A4B6-FD0D74DCC9E7}.Release|Any CPU.Build.0 = Release|Any CPU
		{A9A6981E-12E8-4553-AA63-0EF5F1E1B575}.Debug|Any CPU.ActiveCfg = Debug|Any CPU
		{A9A6981E-12E8-4553-AA63-0EF5F1E1B575}.Debug|Any CPU.Build.0 = Debug|Any CPU
		{A9A6981E-12E8-4553-AA63-0EF5F1E1B575}.Release|Any CPU.ActiveCfg = Release|Any CPU
		{A9A6981E-12E8-4553-AA63-0EF5F1E1B575}.Release|Any CPU.Build.0 = Release|Any CPU
		{E9A88CB0-B853-44C3-8A7E-F67DAD2A7F9B}.Debug|Any CPU.ActiveCfg = Debug|Any CPU
		{E9A88CB0-B853-44C3-8A7E-F67DAD2A7F9B}.Debug|Any CPU.Build.0 = Debug|Any CPU
		{E9A88CB0-B853-44C3-8A7E-F67DAD2A7F9B}.Release|Any CPU.ActiveCfg = Release|Any CPU
		{E9A88CB0-B853-44C3-8A7E-F67DAD2A7F9B}.Release|Any CPU.Build.0 = Release|Any CPU
		{F5405E7E-2C76-406F-B81D-159CC9F712A4}.Debug|Any CPU.ActiveCfg = Debug|Any CPU
		{F5405E7E-2C76-406F-B81D-159CC9F712A4}.Debug|Any CPU.Build.0 = Debug|Any CPU
		{F5405E7E-2C76-406F-B81D-159CC9F712A4}.Release|Any CPU.ActiveCfg = Release|Any CPU
		{F5405E7E-2C76-406F-B81D-159CC9F712A4}.Release|Any CPU.Build.0 = Release|Any CPU
		{26D44BDD-F30E-42C5-AF90-B93BD53C67AC}.Debug|Any CPU.ActiveCfg = Debug|Any CPU
		{26D44BDD-F30E-42C5-AF90-B93BD53C67AC}.Debug|Any CPU.Build.0 = Debug|Any CPU
		{26D44BDD-F30E-42C5-AF90-B93BD53C67AC}.Release|Any CPU.ActiveCfg = Release|Any CPU
		{26D44BDD-F30E-42C5-AF90-B93BD53C67AC}.Release|Any CPU.Build.0 = Release|Any CPU
	EndGlobalSection
	GlobalSection(NestedProjects) = preSolution
		{3066AB6A-F627-491B-A187-AE1DAB5C73C5} = {7F50DE02-D1D9-48CF-B810-2F036D022B34}
		{FF9A2CC2-C733-421E-8F6D-39442041C86B} = {7F50DE02-D1D9-48CF-B810-2F036D022B34}
		{3C542F9C-446C-4B77-A4B6-FD0D74DCC9E7} = {7F50DE02-D1D9-48CF-B810-2F036D022B34}
		{A9A6981E-12E8-4553-AA63-0EF5F1E1B575} = {0A02A9B3-8AF1-4AAD-93B8-2E18438C9A3F}
		{AEF545DD-DD4E-454A-91E6-A1D82B6382F6} = {3DA1182D-FE58-4135-83B6-12612E71F8E9}
		{5B9F5688-208D-449D-A2D3-021834123C78} = {3DA1182D-FE58-4135-83B6-12612E71F8E9}
		{D4B713E6-64FD-411D-93FD-462D35E4A3A1} = {3DA1182D-FE58-4135-83B6-12612E71F8E9}
		{E9A88CB0-B853-44C3-8A7E-F67DAD2A7F9B} = {3DA1182D-FE58-4135-83B6-12612E71F8E9}
		{F5405E7E-2C76-406F-B81D-159CC9F712A4} = {7F50DE02-D1D9-48CF-B810-2F036D022B34}
		{26D44BDD-F30E-42C5-AF90-B93BD53C67AC} = {7F50DE02-D1D9-48CF-B810-2F036D022B34}
	EndGlobalSection
EndGlobal
